{
  "name": "@ngneat/falso",
  "version": "1.2.0",
  "lockfileVersion": 2,
  "requires": true,
  "packages": {
    "": {
      "name": "@ngneat/falso",
      "version": "1.2.0",
      "license": "MIT",
      "dependencies": {
        "seedrandom": "3.0.5"
      },
      "devDependencies": {
        "@types/seedrandom": "3.0.1"
      }
    },
    "node_modules/@types/seedrandom": {
      "version": "3.0.1",
      "resolved": "https://registry.npmjs.org/@types/seedrandom/-/seedrandom-3.0.1.tgz",
      "integrity": "sha512-giB9gzDeiCeloIXDgzFBCgjj1k4WxcDrZtGl6h1IqmUPlxF+Nx8Ve+96QCyDZ/HseB/uvDsKbpib9hU5cU53pw==",
      "dev": true
    },
    "node_modules/seedrandom": {
      "version": "3.0.5",
      "resolved": "https://registry.npmjs.org/seedrandom/-/seedrandom-3.0.5.tgz",
      "integrity": "sha512-8OwmbklUNzwezjGInmZ+2clQmExQPvomqjL7LFqOYqtmuxRgQYqOD3mHaU+MvZn5FLUeVxVfQjwLZW/n/JFuqg=="
    }
  },
  "dependencies": {
    "@types/seedrandom": {
      "version": "3.0.1",
      "resolved": "https://registry.npmjs.org/@types/seedrandom/-/seedrandom-3.0.1.tgz",
      "integrity": "sha512-giB9gzDeiCeloIXDgzFBCgjj1k4WxcDrZtGl6h1IqmUPlxF+Nx8Ve+96QCyDZ/HseB/uvDsKbpib9hU5cU53pw==",
      "dev": true
    },
    "seedrandom": {
      "version": "3.0.5",
      "resolved": "https://registry.npmjs.org/seedrandom/-/seedrandom-3.0.5.tgz",
      "integrity": "sha512-8OwmbklUNzwezjGInmZ+2clQmExQPvomqjL7LFqOYqtmuxRgQYqOD3mHaU+MvZn5FLUeVxVfQjwLZW/n/JFuqg=="
    }
  }
}
